<?xml version="1.0" encoding="utf-8"?>
<Project ToolsVersion="4.0" xmlns="http://schemas.microsoft.com/developer/msbuild/2003">
  <ItemGroup>
    <ClCompile Include="Effect_ConcentratedLine.cpp" />
    <ClCompile Include="Debug_Camera.cpp" />
    <ClCompile Include="DefaultGameComponent.cpp" />
    <ClCompile Include="Effect_Box.cpp" />
    <ClCompile Include="Effect_CompleteFriend.cpp" />
    <ClCompile Include="EnemySpawner.cpp" />
    <ClCompile Include="FriendBody.cpp" />
    <ClCompile Include="FriendCompleteDirecting.cpp" />
    <ClCompile Include="FriendFacePart.cpp" />
    <ClCompile Include="FriendFacePartSpawner.cpp" />
    <ClCompile Include="FriendHead.cpp" />
    <ClCompile Include="FriendHead_PartHitArea.cpp" />
    <ClCompile Include="FriendManager.cpp" />
    <ClCompile Include="GameCamera.cpp" />
    <ClCompile Include="GameLevelManager.cpp" />
    <ClCompile Include="GameSettings.cpp" />
    <ClCompile Include="GameTimer.cpp" />
    <ClCompile Include="Heart.cpp" />
    <ClCompile Include="InputManager.cpp" />
    <ClCompile Include="LogoSceneManager.cpp" />
    <ClCompile Include="main.cpp" />
    <ClCompile Include="Naruko.cpp" />
    <ClCompile Include="PartStickAnimation.cpp" />
    <ClCompile Include="PauseManager.cpp" />
    <ClCompile Include="RemoveMeshDraw.cpp" />
    <ClCompile Include="ScoreManager.cpp" />
    <ClCompile Include="ScoreNumber.cpp" />
    <ClCompile Include="SeparateDrawObject.cpp" />
    <ClCompile Include="ShakeComponent.cpp" />
    <ClCompile Include="Soldier.cpp" />
    <ClCompile Include="SoldierManager.cpp" />
    <ClCompile Include="SoldierSpawner.cpp" />
    <ClCompile Include="EditorObject.cpp" />
    <ClCompile Include="StageManager.cpp" />
    <ClCompile Include="stdafx.cpp" />
    <ClCompile Include="TestBehavior.cpp" />
    <ClCompile Include="Enemy_Test.cpp" />
    <ClCompile Include="UI_GameLevel.cpp" />
    <ClCompile Include="UI_RemainTime.cpp" />
    <ClCompile Include="UI_Score.cpp" />
    <ClCompile Include="Effect_PartHitFlash.cpp" />
    <ClCompile Include="Effect_Hukidashi.cpp" />
    <ClCompile Include="FriendHead_Center.cpp" />
    <ClCompile Include="FriendBody_Neck.cpp" />
    <ClCompile Include="Effect_Belt.cpp" />
    <ClCompile Include="Result_FriendFallPoint.cpp" />
    <ClCompile Include="Result_CompleteFriend.cpp" />
    <ClCompile Include="FriendBodySpawner.cpp" />
    <ClCompile Include="ResultManager.cpp" />
  </ItemGroup>
  <ItemGroup>
    <ClInclude Include="Effect_ConcentratedLine.h" />
    <ClInclude Include="Debug_Camera.h" />
    <ClInclude Include="Effect_Box.h" />
    <ClInclude Include="Effect_CompleteFriend.h" />
    <ClInclude Include="EnemySpawner.h" />
    <ClInclude Include="FriendBody.h" />
    <ClInclude Include="FriendCompleteDirecting.h" />
    <ClInclude Include="FriendFacePart.h" />
    <ClInclude Include="FriendFacePartSpawner.h" />
    <ClInclude Include="FriendHead.h" />
    <ClInclude Include="FriendHead_PartHitArea.h" />
    <ClInclude Include="FriendManager.h" />
    <ClInclude Include="GameCamera.h" />
    <ClInclude Include="GameLevelManager.h" />
    <ClInclude Include="GameSettings.h" />
    <ClInclude Include="GameTimer.h" />
    <ClInclude Include="Heart.h" />
    <ClInclude Include="InputManager.h" />
    <ClInclude Include="LogoSceneManager.h" />
    <ClInclude Include="Naruko.h" />
    <ClInclude Include="PartStickAnimation.h" />
    <ClInclude Include="PauseManager.h" />
    <ClInclude Include="RemoveMeshDraw.h" />
    <ClInclude Include="ScoreManager.h" />
    <ClInclude Include="ScoreNumber.h" />
    <ClInclude Include="SeparateDrawObject.h" />
    <ClInclude Include="ShakeComponent.h" />
    <ClInclude Include="Soldier.h" />
    <ClInclude Include="SoldierManager.h" />
    <ClInclude Include="SoldierSpawner.h" />
    <ClInclude Include="EditorObject.h" />
    <ClInclude Include="StageManager.h" />
    <ClInclude Include="stdafx_u.h" />
    <ClInclude Include="TestBehavior.h" />
    <ClInclude Include="Enemy_Test.h" />
    <ClInclude Include="UI_GameLevel.h" />
    <ClInclude Include="UI_RemainTime.h" />
    <ClInclude Include="UI_Score.h" />
    <ClInclude Include="Effect_PartHitFlash.h" />
    <ClInclude Include="Effect_Hukidashi.h" />
    <ClInclude Include="FriendHead_Center.h" />
    <ClInclude Include="FriendBody_Neck.h" />
    <ClInclude Include="Effect_Belt.h" />
    <ClInclude Include="Result_FriendFallPoint.h" />
    <ClInclude Include="Result_CompleteFriend.h" />
    <ClInclude Include="FriendBodySpawner.h" />
    <ClInclude Include="ResultManager.h" />
  </ItemGroup>
  <ItemGroup>
    <None Include="..\output\Debug\Resources\Application\ButiEngine.ini" />
  </ItemGroup>
</Project>