<?xml version="1.0" encoding="utf-8"?>
<Project ToolsVersion="4.0" xmlns="http://schemas.microsoft.com/developer/msbuild/2003">
  <ItemGroup>
    <ClCompile Include="Effect_ConcentratedLine.cpp" />
    <ClCompile Include="Debug_Camera.cpp" />
    <ClCompile Include="DefaultGameComponent.cpp" />
    <ClCompile Include="Effect_Box.cpp" />
    <ClCompile Include="Effect_CompleteFriend.cpp" />
    <ClCompile Include="FriendBody.cpp" />
    <ClCompile Include="FriendCompleteDirecting.cpp" />
    <ClCompile Include="FriendFacePart.cpp" />
    <ClCompile Include="RandomFriendFacePartSpawner.cpp" />
    <ClCompile Include="FriendHead.cpp" />
    <ClCompile Include="FriendHead_PartHitArea.cpp" />
    <ClCompile Include="FriendManager.cpp" />
    <ClCompile Include="GameCamera.cpp" />
    <ClCompile Include="GameLevelManager.cpp" />
    <ClCompile Include="GameSettings.cpp" />
    <ClCompile Include="GameTimer.cpp" />
    <ClCompile Include="Heart.cpp" />
    <ClCompile Include="InputManager.cpp" />
    <ClCompile Include="LogoSceneManager.cpp" />
    <ClCompile Include="main.cpp" />
    <ClCompile Include="PartStickAnimation.cpp" />
    <ClCompile Include="PauseManager.cpp" />
    <ClCompile Include="RemoveMeshDraw.cpp" />
    <ClCompile Include="ScoreManager.cpp" />
    <ClCompile Include="ScoreNumber.cpp" />
    <ClCompile Include="SeparateDrawObject.cpp" />
    <ClCompile Include="ShakeComponent.cpp" />
    <ClCompile Include="EditorObject.cpp" />
    <ClCompile Include="StageManager.cpp" />
    <ClCompile Include="stdafx.cpp" />
    <ClCompile Include="TestBehavior.cpp" />
    <ClCompile Include="Effect_PartHitFlash.cpp" />
    <ClCompile Include="Effect_Hukidashi.cpp" />
    <ClCompile Include="FriendHead_Center.cpp" />
    <ClCompile Include="FriendBody_Neck.cpp" />
    <ClCompile Include="Effect_Belt.cpp" />
    <ClCompile Include="Result_FriendFallPoint.cpp" />
    <ClCompile Include="Result_CompleteFriend.cpp" />
    <ClCompile Include="FriendBodySpawner.cpp" />
    <ClCompile Include="ResultManager.cpp" />
    <ClCompile Include="Result_Camera.cpp" />
    <ClCompile Include="Result_BackHuman.cpp" />
    <ClCompile Include="SceneTransition_Fade.cpp" />
    <ClCompile Include="Result_FriendSpawner.cpp" />
    <ClCompile Include="FriendAligner.cpp" />
    <ClCompile Include="Effect_Heart.cpp" />
    <ClCompile Include="HeartEmitter.cpp" />
    <ClCompile Include="SpriteAnimation_DestroyOwn.cpp" />
    <ClCompile Include="GameFinishDirecting.cpp" />
    <ClCompile Include="Text_GameStart.cpp" />
    <ClCompile Include="GameEnd_FriendSpawner.cpp" />
    <ClCompile Include="GameEnd_CompleteFriend.cpp" />
    <ClCompile Include="GameEndManager.cpp" />
    <ClCompile Include="UI_MakeFriendsCount.cpp" />
    <ClCompile Include="Effect_HeartSpawner.cpp" />
    <ClCompile Include="BonusFriend.cpp" />
    <ClCompile Include="Text_CountDown.cpp" />
    <ClCompile Include="SwayAnimation.cpp" />
    <ClCompile Include="UI_FriendCount.cpp" />
    <ClCompile Include="TutorialManager.cpp" />
    <ClCompile Include="UI_TutorialText.cpp" />
    <ClCompile Include="Text_OK.cpp" />
    <ClCompile Include="FlashAnimation.cpp" />
    <ClCompile Include="FadeOut.cpp" />
    <ClCompile Include="GuideMarker.cpp" />
    <ClCompile Include="LevelEditor.cpp" />
    <ClCompile Include="FacePartSpawner.cpp" />
    <ClCompile Include="PartRespawnPoint.cpp" />
    <ClCompile Include="NumberDraw.cpp" />
    <ClCompile Include="Result_FallFriend.cpp" />
    <ClCompile Include="CompleteFriend.cpp" />
    <ClCompile Include="UI_PartEvaluation.cpp" />
    <ClCompile Include="UI_TotalEvaluation.cpp" />
    <ClCompile Include="BlowFriend.cpp" />
    <ClCompile Include="BombFriend.cpp" />
    <ClCompile Include="Bomb.cpp" />
    <ClCompile Include="SpriteParticleGenerator.cpp" />
  </ItemGroup>
  <ItemGroup>
    <ClInclude Include="Effect_ConcentratedLine.h" />
    <ClInclude Include="Debug_Camera.h" />
    <ClInclude Include="Effect_Box.h" />
    <ClInclude Include="Effect_CompleteFriend.h" />
    <ClInclude Include="FriendBody.h" />
    <ClInclude Include="FriendCompleteDirecting.h" />
    <ClInclude Include="FriendFacePart.h" />
    <ClInclude Include="RandomFriendFacePartSpawner.h" />
    <ClInclude Include="FriendHead.h" />
    <ClInclude Include="FriendHead_PartHitArea.h" />
    <ClInclude Include="FriendManager.h" />
    <ClInclude Include="GameCamera.h" />
    <ClInclude Include="GameLevelManager.h" />
    <ClInclude Include="GameSettings.h" />
    <ClInclude Include="GameTimer.h" />
    <ClInclude Include="Heart.h" />
    <ClInclude Include="InputManager.h" />
    <ClInclude Include="LogoSceneManager.h" />
    <ClInclude Include="PartStickAnimation.h" />
    <ClInclude Include="PauseManager.h" />
    <ClInclude Include="RemoveMeshDraw.h" />
    <ClInclude Include="ScoreManager.h" />
    <ClInclude Include="ScoreNumber.h" />
    <ClInclude Include="SeparateDrawObject.h" />
    <ClInclude Include="ShakeComponent.h" />
    <ClInclude Include="EditorObject.h" />
    <ClInclude Include="StageManager.h" />
    <ClInclude Include="stdafx_u.h" />
    <ClInclude Include="TestBehavior.h" />
    <ClInclude Include="Effect_PartHitFlash.h" />
    <ClInclude Include="Effect_Hukidashi.h" />
    <ClInclude Include="FriendHead_Center.h" />
    <ClInclude Include="FriendBody_Neck.h" />
    <ClInclude Include="Effect_Belt.h" />
    <ClInclude Include="Result_FriendFallPoint.h" />
    <ClInclude Include="Result_CompleteFriend.h" />
    <ClInclude Include="FriendBodySpawner.h" />
    <ClInclude Include="ResultManager.h" />
    <ClInclude Include="Result_Camera.h" />
    <ClInclude Include="Result_BackHuman.h" />
    <ClInclude Include="SceneTransition_Fade.h" />
    <ClInclude Include="Result_FriendSpawner.h" />
    <ClInclude Include="FriendAligner.h" />
    <ClInclude Include="Effect_Heart.h" />
    <ClInclude Include="HeartEmitter.h" />
    <ClInclude Include="SpriteAnimation_DestroyOwn.h" />
    <ClInclude Include="GameFinishDirecting.h" />
    <ClInclude Include="Text_GameStart.h" />
    <ClInclude Include="GameEnd_FriendSpawner.h" />
    <ClInclude Include="GameEnd_CompleteFriend.h" />
    <ClInclude Include="GameEndManager.h" />
    <ClInclude Include="UI_MakeFriendsCount.h" />
    <ClInclude Include="Effect_HeartSpawner.h" />
    <ClInclude Include="BonusFriend.h" />
    <ClInclude Include="Text_CountDown.h" />
    <ClInclude Include="SwayAnimation.h" />
    <ClInclude Include="UI_FriendCount.h" />
    <ClInclude Include="TutorialManager.h" />
    <ClInclude Include="UI_TutorialText.h" />
    <ClInclude Include="Text_OK.h" />
    <ClInclude Include="FlashAnimation.h" />
    <ClInclude Include="FadeOut.h" />
    <ClInclude Include="GuideMarker.h" />
    <ClInclude Include="LevelEditor.h" />
    <ClInclude Include="FacePartSpawner.h" />
    <ClInclude Include="PartRespawnPoint.h" />
    <ClInclude Include="NumberDraw.h" />
    <ClInclude Include="Result_FallFriend.h" />
    <ClInclude Include="CompleteFriend.h" />
    <ClInclude Include="UI_PartEvaluation.h" />
    <ClInclude Include="UI_TotalEvaluation.h" />
    <ClInclude Include="BlowFriend.h" />
    <ClInclude Include="BombFriend.h" />
    <ClInclude Include="Bomb.h" />
    <ClInclude Include="SpriteParticleGenerator.h" />
  </ItemGroup>
  <ItemGroup>
    <None Include="..\output\Debug\Resources\Application\ButiEngine.ini" />
  </ItemGroup>
</Project>